
Microsoft Visual Studio Solution File, Format Version 12.00
# Visual Studio 14
VisualStudioVersion = 14.0.25420.1
MinimumVisualStudioVersion = 10.0.40219.1
Project("{FAE04EC0-301F-11D3-BF4B-00C04F79EFBC}") = "Message", "Message\Message.csproj", "{C44F202D-653E-4A1B-9B10-B47FAD623BAB}"
EndProject
Project("{FAE04EC0-301F-11D3-BF4B-00C04F79EFBC}") = "OrderPublisher", "OrderPublisher\OrderPublisher.csproj", "{79C4CE1D-B105-4ED1-8E1C-6DAADAC67BBF}"
EndProject
Project("{FAE04EC0-301F-11D3-BF4B-00C04F79EFBC}") = "OrderWorker", "OrderWorker\OrderWorker.csproj", "{9052135D-28EC-49F4-BB95-7294F7E582DE}"
EndProject
Project("{2150E333-8FDC-42A3-9474-1A3956D46DE8}") = "Direct", "Direct", "{26E8D9FD-72D2-4FAF-8A6F-DDFDA2EF7EBA}"
EndProject
Project("{2150E333-8FDC-42A3-9474-1A3956D46DE8}") = "Topic", "Topic", "{5FF29034-062E-4B93-B3C3-7A9978208B6A}"
EndProject
Project("{FAE04EC0-301F-11D3-BF4B-00C04F79EFBC}") = "DirectPublisher", "DirectPublisher\DirectPublisher.csproj", "{1BDA0970-8591-4C97-872E-8DBF903AB617}"
EndProject
Project("{FAE04EC0-301F-11D3-BF4B-00C04F79EFBC}") = "DirectConsumer", "DirectConsumer\DirectConsumer.csproj", "{7B07F85F-A342-4FB9-A72A-2294079BEA9A}"
EndProject
Project("{FAE04EC0-301F-11D3-BF4B-00C04F79EFBC}") = "TopicPublisher", "TopicPublisher\TopicPublisher.csproj", "{732BC24C-3245-4F06-AC99-0AAC52216FC4}"
EndProject
Project("{2150E333-8FDC-42A3-9474-1A3956D46DE8}") = "Rpc", "Rpc", "{DDF6B121-C433-4FFA-8D36-64B80E380E41}"
EndProject
Project("{FAE04EC0-301F-11D3-BF4B-00C04F79EFBC}") = "RpcClient", "RpcClient\RpcClient.csproj", "{1BB4DCE1-FE10-4B93-A596-931B642120F2}"
EndProject
Project("{FAE04EC0-301F-11D3-BF4B-00C04F79EFBC}") = "RpcServer", "RpcServer\RpcServer.csproj", "{A5841A09-E04F-4998-97C7-68638AEA7413}"
EndProject
Global
	GlobalSection(SolutionConfigurationPlatforms) = preSolution
		Debug|Any CPU = Debug|Any CPU
		Release|Any CPU = Release|Any CPU
	EndGlobalSection
	GlobalSection(ProjectConfigurationPlatforms) = postSolution
		{C44F202D-653E-4A1B-9B10-B47FAD623BAB}.Debug|Any CPU.ActiveCfg = Debug|Any CPU
		{C44F202D-653E-4A1B-9B10-B47FAD623BAB}.Debug|Any CPU.Build.0 = Debug|Any CPU
		{C44F202D-653E-4A1B-9B10-B47FAD623BAB}.Release|Any CPU.ActiveCfg = Release|Any CPU
		{C44F202D-653E-4A1B-9B10-B47FAD623BAB}.Release|Any CPU.Build.0 = Release|Any CPU
		{79C4CE1D-B105-4ED1-8E1C-6DAADAC67BBF}.Debug|Any CPU.ActiveCfg = Debug|Any CPU
		{79C4CE1D-B105-4ED1-8E1C-6DAADAC67BBF}.Debug|Any CPU.Build.0 = Debug|Any CPU
		{79C4CE1D-B105-4ED1-8E1C-6DAADAC67BBF}.Release|Any CPU.ActiveCfg = Release|Any CPU
		{79C4CE1D-B105-4ED1-8E1C-6DAADAC67BBF}.Release|Any CPU.Build.0 = Release|Any CPU
		{9052135D-28EC-49F4-BB95-7294F7E582DE}.Debug|Any CPU.ActiveCfg = Debug|Any CPU
		{9052135D-28EC-49F4-BB95-7294F7E582DE}.Debug|Any CPU.Build.0 = Debug|Any CPU
		{9052135D-28EC-49F4-BB95-7294F7E582DE}.Release|Any CPU.ActiveCfg = Release|Any CPU
		{9052135D-28EC-49F4-BB95-7294F7E582DE}.Release|Any CPU.Build.0 = Release|Any CPU
		{1BDA0970-8591-4C97-872E-8DBF903AB617}.Debug|Any CPU.ActiveCfg = Debug|Any CPU
		{1BDA0970-8591-4C97-872E-8DBF903AB617}.Debug|Any CPU.Build.0 = Debug|Any CPU
		{1BDA0970-8591-4C97-872E-8DBF903AB617}.Release|Any CPU.ActiveCfg = Release|Any CPU
		{1BDA0970-8591-4C97-872E-8DBF903AB617}.Release|Any CPU.Build.0 = Release|Any CPU
		{7B07F85F-A342-4FB9-A72A-2294079BEA9A}.Debug|Any CPU.ActiveCfg = Debug|Any CPU
		{7B07F85F-A342-4FB9-A72A-2294079BEA9A}.Debug|Any CPU.Build.0 = Debug|Any CPU
		{7B07F85F-A342-4FB9-A72A-2294079BEA9A}.Release|Any CPU.ActiveCfg = Release|Any CPU
		{7B07F85F-A342-4FB9-A72A-2294079BEA9A}.Release|Any CPU.Build.0 = Release|Any CPU
		{732BC24C-3245-4F06-AC99-0AAC52216FC4}.Debug|Any CPU.ActiveCfg = Debug|Any CPU
		{732BC24C-3245-4F06-AC99-0AAC52216FC4}.Debug|Any CPU.Build.0 = Debug|Any CPU
		{732BC24C-3245-4F06-AC99-0AAC52216FC4}.Release|Any CPU.ActiveCfg = Release|Any CPU
		{732BC24C-3245-4F06-AC99-0AAC52216FC4}.Release|Any CPU.Build.0 = Release|Any CPU
		{1BB4DCE1-FE10-4B93-A596-931B642120F2}.Debug|Any CPU.ActiveCfg = Debug|Any CPU
		{1BB4DCE1-FE10-4B93-A596-931B642120F2}.Debug|Any CPU.Build.0 = Debug|Any CPU
		{1BB4DCE1-FE10-4B93-A596-931B642120F2}.Release|Any CPU.ActiveCfg = Release|Any CPU
		{1BB4DCE1-FE10-4B93-A596-931B642120F2}.Release|Any CPU.Build.0 = Release|Any CPU
		{A5841A09-E04F-4998-97C7-68638AEA7413}.Debug|Any CPU.ActiveCfg = Debug|Any CPU
		{A5841A09-E04F-4998-97C7-68638AEA7413}.Debug|Any CPU.Build.0 = Debug|Any CPU
		{A5841A09-E04F-4998-97C7-68638AEA7413}.Release|Any CPU.ActiveCfg = Release|Any CPU
		{A5841A09-E04F-4998-97C7-68638AEA7413}.Release|Any CPU.Build.0 = Release|Any CPU
	EndGlobalSection
	GlobalSection(SolutionProperties) = preSolution
		HideSolutionNode = FALSE
	EndGlobalSection
	GlobalSection(NestedProjects) = preSolution
		{1BDA0970-8591-4C97-872E-8DBF903AB617} = {26E8D9FD-72D2-4FAF-8A6F-DDFDA2EF7EBA}
		{7B07F85F-A342-4FB9-A72A-2294079BEA9A} = {26E8D9FD-72D2-4FAF-8A6F-DDFDA2EF7EBA}
		{732BC24C-3245-4F06-AC99-0AAC52216FC4} = {5FF29034-062E-4B93-B3C3-7A9978208B6A}
		{1BB4DCE1-FE10-4B93-A596-931B642120F2} = {DDF6B121-C433-4FFA-8D36-64B80E380E41}
		{A5841A09-E04F-4998-97C7-68638AEA7413} = {DDF6B121-C433-4FFA-8D36-64B80E380E41}
	EndGlobalSection
EndGlobal
